
Microsoft Visual Studio Solution File, Format Version 12.00
# Visual Studio Version 16
VisualStudioVersion = 16.0.31702.278
MinimumVisualStudioVersion = 10.0.40219.1
Project("{2150E333-8FDC-42A3-9474-1A3956D46DE8}") = "01 - Testes de Unidade", "01 - Testes de Unidade", "{47301C18-CFF1-46E5-94AD-CE666F3A8D72}"
EndProject
Project("{2150E333-8FDC-42A3-9474-1A3956D46DE8}") = "1.1 - Testes Basicos", "1.1 - Testes Basicos", "{D9D4B815-D4DC-4B4B-A111-FA7FF5B0CAA5}"
EndProject
Project("{9A19103F-16F7-4668-BE54-9A1E7A4F7556}") = "Demo", "01 - Testes de Unidade\Demo\Demo.csproj", "{C3589A68-4290-4053-8444-7137F6FC4E8A}"
EndProject
Project("{9A19103F-16F7-4668-BE54-9A1E7A4F7556}") = "Demo.Tests", "01 - Testes de Unidade\Demo.Tests\Demo.Tests.csproj", "{731C7D1A-431E-4214-BAF5-599EEBD2F33F}"
EndProject
Project("{2150E333-8FDC-42A3-9474-1A3956D46DE8}") = "1.2 - Features", "1.2 - Features", "{33A0C523-FA2F-4802-A31C-07AED9C69B12}"
EndProject
Project("{9A19103F-16F7-4668-BE54-9A1E7A4F7556}") = "Features", "01 - Testes de Unidade\Features\Features.csproj", "{AC115CB3-24A8-41BB-8268-2F456C71B35E}"
EndProject
Project("{9A19103F-16F7-4668-BE54-9A1E7A4F7556}") = "Features.Tests", "01 - Testes de Unidade\Features.Tests\Features.Tests.csproj", "{4CF6EAE4-3819-41D1-AB8D-DE8C676CEC73}"
EndProject
Project("{2150E333-8FDC-42A3-9474-1A3956D46DE8}") = "02 - TDD", "02 - TDD", "{19BAED8A-85AD-4A16-B165-89D7ADF5D551}"
EndProject
Project("{2150E333-8FDC-42A3-9474-1A3956D46DE8}") = "Tests", "Tests", "{78655B43-F248-40B8-AB04-542F539B6539}"
EndProject
Project("{9A19103F-16F7-4668-BE54-9A1E7A4F7556}") = "NerdStore.Vendas.Domain", "02 - TDD\src\NerdStore.Vendas.Domain\NerdStore.Vendas.Domain.csproj", "{ADDA6BBD-8260-40BA-9188-4AAEECA29313}"
EndProject
Project("{9A19103F-16F7-4668-BE54-9A1E7A4F7556}") = "NerdStore.Vendas.Application.Tests", "02 - TDD\tests\NerdStore.Vendas.Application.Tests\NerdStore.Vendas.Application.Tests.csproj", "{69B584D4-E5F2-43EB-9AC0-89C101B0C57F}"
EndProject
Project("{9A19103F-16F7-4668-BE54-9A1E7A4F7556}") = "NerdStore.Vendas.Domain.Tests", "02 - TDD\tests\NerdStore.Vendas.Domain.Tests\NerdStore.Vendas.Domain.Tests.csproj", "{3BB44FB7-AD74-4030-990E-EADD6EFE8298}"
EndProject
Global
	GlobalSection(SolutionConfigurationPlatforms) = preSolution
		Debug|Any CPU = Debug|Any CPU
		Release|Any CPU = Release|Any CPU
	EndGlobalSection
	GlobalSection(ProjectConfigurationPlatforms) = postSolution
		{C3589A68-4290-4053-8444-7137F6FC4E8A}.Debug|Any CPU.ActiveCfg = Debug|Any CPU
		{C3589A68-4290-4053-8444-7137F6FC4E8A}.Debug|Any CPU.Build.0 = Debug|Any CPU
		{C3589A68-4290-4053-8444-7137F6FC4E8A}.Release|Any CPU.ActiveCfg = Release|Any CPU
		{C3589A68-4290-4053-8444-7137F6FC4E8A}.Release|Any CPU.Build.0 = Release|Any CPU
		{731C7D1A-431E-4214-BAF5-599EEBD2F33F}.Debug|Any CPU.ActiveCfg = Debug|Any CPU
		{731C7D1A-431E-4214-BAF5-599EEBD2F33F}.Debug|Any CPU.Build.0 = Debug|Any CPU
		{731C7D1A-431E-4214-BAF5-599EEBD2F33F}.Release|Any CPU.ActiveCfg = Release|Any CPU
		{731C7D1A-431E-4214-BAF5-599EEBD2F33F}.Release|Any CPU.Build.0 = Release|Any CPU
		{AC115CB3-24A8-41BB-8268-2F456C71B35E}.Debug|Any CPU.ActiveCfg = Debug|Any CPU
		{AC115CB3-24A8-41BB-8268-2F456C71B35E}.Debug|Any CPU.Build.0 = Debug|Any CPU
		{AC115CB3-24A8-41BB-8268-2F456C71B35E}.Release|Any CPU.ActiveCfg = Release|Any CPU
		{AC115CB3-24A8-41BB-8268-2F456C71B35E}.Release|Any CPU.Build.0 = Release|Any CPU
		{4CF6EAE4-3819-41D1-AB8D-DE8C676CEC73}.Debug|Any CPU.ActiveCfg = Debug|Any CPU
		{4CF6EAE4-3819-41D1-AB8D-DE8C676CEC73}.Debug|Any CPU.Build.0 = Debug|Any CPU
		{4CF6EAE4-3819-41D1-AB8D-DE8C676CEC73}.Release|Any CPU.ActiveCfg = Release|Any CPU
		{4CF6EAE4-3819-41D1-AB8D-DE8C676CEC73}.Release|Any CPU.Build.0 = Release|Any CPU
		{ADDA6BBD-8260-40BA-9188-4AAEECA29313}.Debug|Any CPU.ActiveCfg = Debug|Any CPU
		{ADDA6BBD-8260-40BA-9188-4AAEECA29313}.Debug|Any CPU.Build.0 = Debug|Any CPU
		{ADDA6BBD-8260-40BA-9188-4AAEECA29313}.Release|Any CPU.ActiveCfg = Release|Any CPU
		{ADDA6BBD-8260-40BA-9188-4AAEECA29313}.Release|Any CPU.Build.0 = Release|Any CPU
		{69B584D4-E5F2-43EB-9AC0-89C101B0C57F}.Debug|Any CPU.ActiveCfg = Debug|Any CPU
		{69B584D4-E5F2-43EB-9AC0-89C101B0C57F}.Debug|Any CPU.Build.0 = Debug|Any CPU
		{69B584D4-E5F2-43EB-9AC0-89C101B0C57F}.Release|Any CPU.ActiveCfg = Release|Any CPU
		{69B584D4-E5F2-43EB-9AC0-89C101B0C57F}.Release|Any CPU.Build.0 = Release|Any CPU
		{3BB44FB7-AD74-4030-990E-EADD6EFE8298}.Debug|Any CPU.ActiveCfg = Debug|Any CPU
		{3BB44FB7-AD74-4030-990E-EADD6EFE8298}.Debug|Any CPU.Build.0 = Debug|Any CPU
		{3BB44FB7-AD74-4030-990E-EADD6EFE8298}.Release|Any CPU.ActiveCfg = Release|Any CPU
		{3BB44FB7-AD74-4030-990E-EADD6EFE8298}.Release|Any CPU.Build.0 = Release|Any CPU
	EndGlobalSection
	GlobalSection(SolutionProperties) = preSolution
		HideSolutionNode = FALSE
	EndGlobalSection
	GlobalSection(NestedProjects) = preSolution
		{D9D4B815-D4DC-4B4B-A111-FA7FF5B0CAA5} = {47301C18-CFF1-46E5-94AD-CE666F3A8D72}
		{C3589A68-4290-4053-8444-7137F6FC4E8A} = {D9D4B815-D4DC-4B4B-A111-FA7FF5B0CAA5}
		{731C7D1A-431E-4214-BAF5-599EEBD2F33F} = {D9D4B815-D4DC-4B4B-A111-FA7FF5B0CAA5}
		{33A0C523-FA2F-4802-A31C-07AED9C69B12} = {47301C18-CFF1-46E5-94AD-CE666F3A8D72}
		{AC115CB3-24A8-41BB-8268-2F456C71B35E} = {33A0C523-FA2F-4802-A31C-07AED9C69B12}
		{4CF6EAE4-3819-41D1-AB8D-DE8C676CEC73} = {33A0C523-FA2F-4802-A31C-07AED9C69B12}
		{78655B43-F248-40B8-AB04-542F539B6539} = {19BAED8A-85AD-4A16-B165-89D7ADF5D551}
		{ADDA6BBD-8260-40BA-9188-4AAEECA29313} = {19BAED8A-85AD-4A16-B165-89D7ADF5D551}
		{69B584D4-E5F2-43EB-9AC0-89C101B0C57F} = {78655B43-F248-40B8-AB04-542F539B6539}
		{3BB44FB7-AD74-4030-990E-EADD6EFE8298} = {78655B43-F248-40B8-AB04-542F539B6539}
	EndGlobalSection
	GlobalSection(ExtensibilityGlobals) = postSolution
		SolutionGuid = {3E1D3CE8-D8F6-45D6-A339-D89A8EECA62B}
	EndGlobalSection
EndGlobal
